
Microsoft Visual Studio Solution File, Format Version 12.00
# Visual Studio Version 17
VisualStudioVersion = 17.8.34316.72
MinimumVisualStudioVersion = 10.0.40219.1
Project("{9A19103F-16F7-4668-BE54-9A1E7A4F7556}") = "Admin", "Admin\Admin.csproj", "{A53EEB1D-F99F-486D-BC3B-D725D685B99B}"
EndProject
Project("{FAE04EC0-301F-11D3-BF4B-00C04F79EFBC}") = "MyServer", "MyServer\MyServer.csproj", "{3E273A0D-EE67-417C-B3A5-7417DF4885DC}"
EndProject
Project("{FAE04EC0-301F-11D3-BF4B-00C04F79EFBC}") = "Client", "Client\Client.csproj", "{D4C41247-2F8D-4DE8-AF5A-A221CA8E4F7A}"
EndProject
Global
	GlobalSection(SolutionConfigurationPlatforms) = preSolution
		Debug|Any CPU = Debug|Any CPU
		Release|Any CPU = Release|Any CPU
	EndGlobalSection
	GlobalSection(ProjectConfigurationPlatforms) = postSolution
		{A53EEB1D-F99F-486D-BC3B-D725D685B99B}.Debug|Any CPU.ActiveCfg = Debug|Any CPU
		{A53EEB1D-F99F-486D-BC3B-D725D685B99B}.Debug|Any CPU.Build.0 = Debug|Any CPU
		{A53EEB1D-F99F-486D-BC3B-D725D685B99B}.Release|Any CPU.ActiveCfg = Release|Any CPU
		{A53EEB1D-F99F-486D-BC3B-D725D685B99B}.Release|Any CPU.Build.0 = Release|Any CPU
		{3E273A0D-EE67-417C-B3A5-7417DF4885DC}.Debug|Any CPU.ActiveCfg = Debug|Any CPU
		{3E273A0D-EE67-417C-B3A5-7417DF4885DC}.Debug|Any CPU.Build.0 = Debug|Any CPU
		{3E273A0D-EE67-417C-B3A5-7417DF4885DC}.Release|Any CPU.ActiveCfg = Release|Any CPU
		{3E273A0D-EE67-417C-B3A5-7417DF4885DC}.Release|Any CPU.Build.0 = Release|Any CPU
		{D4C41247-2F8D-4DE8-AF5A-A221CA8E4F7A}.Debug|Any CPU.ActiveCfg = Debug|Any CPU
		{D4C41247-2F8D-4DE8-AF5A-A221CA8E4F7A}.Debug|Any CPU.Build.0 = Debug|Any CPU
		{D4C41247-2F8D-4DE8-AF5A-A221CA8E4F7A}.Release|Any CPU.ActiveCfg = Release|Any CPU
		{D4C41247-2F8D-4DE8-AF5A-A221CA8E4F7A}.Release|Any CPU.Build.0 = Release|Any CPU
	EndGlobalSection
	GlobalSection(SolutionProperties) = preSolution
		HideSolutionNode = FALSE
	EndGlobalSection
	GlobalSection(ExtensibilityGlobals) = postSolution
		SolutionGuid = {D4F6EA60-10A7-478F-9F7B-58C53A0F309E}
	EndGlobalSection
EndGlobal
